
Microsoft Visual Studio Solution File, Format Version 12.00
# Visual Studio Version 17
VisualStudioVersion = 17.14.36414.22 d17.14
MinimumVisualStudioVersion = 10.0.40219.1
Project("{FAE04EC0-301F-11D3-BF4B-00C04F79EFBC}") = "Tumakov", "Tumakov\Tumakov.csproj", "{39DD6A64-DA81-4AD8-8624-55C6B42131CD}"
EndProject
Global
	GlobalSection(SolutionConfigurationPlatforms) = preSolution
		Debug|Any CPU = Debug|Any CPU
		Release|Any CPU = Release|Any CPU
	EndGlobalSection
	GlobalSection(ProjectConfigurationPlatforms) = postSolution
		{39DD6A64-DA81-4AD8-8624-55C6B42131CD}.Debug|Any CPU.ActiveCfg = Debug|Any CPU
		{39DD6A64-DA81-4AD8-8624-55C6B42131CD}.Debug|Any CPU.Build.0 = Debug|Any CPU
		{39DD6A64-DA81-4AD8-8624-55C6B42131CD}.Release|Any CPU.ActiveCfg = Release|Any CPU
		{39DD6A64-DA81-4AD8-8624-55C6B42131CD}.Release|Any CPU.Build.0 = Release|Any CPU
	EndGlobalSection
	GlobalSection(SolutionProperties) = preSolution
		HideSolutionNode = FALSE
	EndGlobalSection
	GlobalSection(ExtensibilityGlobals) = postSolution
		SolutionGuid = {2DA1CF83-EFA7-404E-B4A9-DCC980906D3F}
	EndGlobalSection
EndGlobal
